{
  "name": "esri-leaflet",
  "version": "1.0.0",
  "lockfileVersion": 1,
  "requires": true,
  "dependencies": {
    "@types/esri-leaflet": {
      "version": "2.1.4",
      "resolved": "https://registry.npmjs.org/@types/esri-leaflet/-/esri-leaflet-2.1.4.tgz",
      "integrity": "sha512-fMmNrhzvxvXQ1o54y/bHGYtTnLL1UbON2Mv5iJn09jhsHwVfDwVqOXr5JhNtOpkXC1eUAGq3s+mAMCRwPaVOoA==",
      "dev": true,
      "requires": {
        "@types/leaflet": "*"
      }
    },
    "@types/geojson": {
      "version": "7946.0.5",
      "resolved": "https://registry.npmjs.org/@types/geojson/-/geojson-7946.0.5.tgz",
      "integrity": "sha512-rLlMXpd3rdlrp0+xsrda/hFfOpIxgqFcRpk005UKbHtcdFK+QXAjhBAPnvO58qF4O1LdDXrcaiJxMgstCIlcaw==",
      "dev": true
    },
    "@types/leaflet": {
      "version": "1.4.2",
      "resolved": "https://registry.npmjs.org/@types/leaflet/-/leaflet-1.4.2.tgz",
      "integrity": "sha512-iRyUFh6m5OSbhekHxlZb5SkdfUVpaXhk+e8fgQviZL6iZ1chV3Q030/+M6jO2A6VM235A1hYuUmBMVsrLAvKEA==",
      "dev": true,
      "requires": {
        "@types/geojson": "*"
      }
    }
  }
}
